github.com/mackerelio/go-osstat v0.2.0 h1:UVn9Am/OOj2Ig0LNNHLqiHeXsZWmMNcMPZ3h+z/8+h8=
github.com/mackerelio/go-osstat v0.2.0/go.mod h1:UzRL8dMCCTqG5WdRtsxbuljMpZt9PCAGXqxPst5QtaY=
golang.org/x/sys v0.0.0-20210113181707-4bcb84eeeb78 h1:nVuTkr9L6Bq62qpUqKo/RnZCFfzDBL0bYo6w9OJUqZY=
golang.org/x/sys v0.0.0-20210113181707-4bcb84eeeb78/go.mod h1:h1NjWce9XRLGQEsW7wpKNCjG9DtNlClVuFLEZdDNbEs=
golang.org/x/sys v0.0.0-20210521203332-0cec03c779c1 h1:lCnv+lfrU9FRPGf8NeRuWAAPjNnema5WtBinMgs1fD8=
golang.org/x/sys v0.0.0-20210521203332-0cec03c779c1/go.mod h1:oPkhp1MJrh7nUepCBck5+mAzfO9JrbApNNgaTdGDITg=
