github.com/BurntSushi/toml v0.3.1 h1:WXkYYl6Yr3qBf1K79EBnL4mak0OimBfB0XUf9Vl28OQ=
github.com/BurntSushi/toml v0.3.1/go.mod h1:xHWCNGjB5oqiDr8zfno3MHue2Ht5sIBksp03qcyfWMU=
github.com/mackerelio/go-osstat v0.2.0 h1:UVn9Am/OOj2Ig0LNNHLqiHeXsZWmMNcMPZ3h+z/8+h8=
github.com/mackerelio/go-osstat v0.2.0/go.mod h1:UzRL8dMCCTqG5WdRtsxbuljMpZt9PCAGXqxPst5QtaY=
golang.org/x/sys v0.0.0-20210113181707-4bcb84eeeb78/go.mod h1:h1NjWce9XRLGQEsW7wpKNCjG9DtNlClVuFLEZdDNbEs=
golang.org/x/sys v0.0.0-20210521203332-0cec03c779c1 h1:lCnv+lfrU9FRPGf8NeRuWAAPjNnema5WtBinMgs1fD8=
golang.org/x/sys v0.0.0-20210521203332-0cec03c779c1/go.mod h1:oPkhp1MJrh7nUepCBck5+mAzfO9JrbApNNgaTdGDITg=
gopkg.in/alexcesaro/quotedprintable.v3 v3.0.0-20150716171945-2caba252f4dc h1:2gGKlE2+asNV9m7xrywl36YYNnBG5ZQ0r/BOOxqPpmk=
gopkg.in/alexcesaro/quotedprintable.v3 v3.0.0-20150716171945-2caba252f4dc/go.mod h1:m7x9LTH6d71AHyAX77c9yqWCCa3UKHcVEj9y7hAtKDk=
gopkg.in/mail.v2 v2.3.1 h1:WYFn/oANrAGP2C0dcV6/pbkPzv8yGzqTjPmTeO7qoXk=
gopkg.in/mail.v2 v2.3.1/go.mod h1:htwXN1Qh09vZJ1NVKxQqHPBaCBbzKhp5GzuJEA4VJWw=
